
Microsoft Visual Studio Solution File, Format Version 12.00
# Visual Studio Version 17
VisualStudioVersion = 17.7.34018.315
MinimumVisualStudioVersion = 10.0.40219.1
Project("{FAE04EC0-301F-11D3-BF4B-00C04F79EFBC}") = "SchoolManagementSystem", "SchoolManagementSystem.csproj", "{3DE4BECB-4229-42F9-8DB0-343A311607D6}"
EndProject
Global
	GlobalSection(SolutionConfigurationPlatforms) = preSolution
		Debug|Any CPU = Debug|Any CPU
		Debug|x86 = Debug|x86
		Release|Any CPU = Release|Any CPU
		Release|x86 = Release|x86
		x32|Any CPU = x32|Any CPU
		x32|x86 = x32|x86
	EndGlobalSection
	GlobalSection(ProjectConfigurationPlatforms) = postSolution
		{3DE4BECB-4229-42F9-8DB0-343A311607D6}.Debug|Any CPU.ActiveCfg = Debug|Any CPU
		{3DE4BECB-4229-42F9-8DB0-343A311607D6}.Debug|Any CPU.Build.0 = Debug|Any CPU
		{3DE4BECB-4229-42F9-8DB0-343A311607D6}.Debug|x86.ActiveCfg = Debug|x86
		{3DE4BECB-4229-42F9-8DB0-343A311607D6}.Debug|x86.Build.0 = Debug|x86
		{3DE4BECB-4229-42F9-8DB0-343A311607D6}.Release|Any CPU.ActiveCfg = Release|Any CPU
		{3DE4BECB-4229-42F9-8DB0-343A311607D6}.Release|Any CPU.Build.0 = Release|Any CPU
		{3DE4BECB-4229-42F9-8DB0-343A311607D6}.Release|x86.ActiveCfg = Release|x86
		{3DE4BECB-4229-42F9-8DB0-343A311607D6}.Release|x86.Build.0 = Release|x86
		{3DE4BECB-4229-42F9-8DB0-343A311607D6}.x32|Any CPU.ActiveCfg = x32|Any CPU
		{3DE4BECB-4229-42F9-8DB0-343A311607D6}.x32|Any CPU.Build.0 = x32|Any CPU
		{3DE4BECB-4229-42F9-8DB0-343A311607D6}.x32|x86.ActiveCfg = x32|x86
		{3DE4BECB-4229-42F9-8DB0-343A311607D6}.x32|x86.Build.0 = x32|x86
	EndGlobalSection
	GlobalSection(SolutionProperties) = preSolution
		HideSolutionNode = FALSE
	EndGlobalSection
	GlobalSection(ExtensibilityGlobals) = postSolution
		SolutionGuid = {E37AFB00-AC41-493D-A077-8DC5D0367D07}
	EndGlobalSection
EndGlobal
